// !$*UTF8*$!
{
	archiveVersion = 1;
	classes = {
	};
	objectVersion = 48;
	objects = {

/* Begin PBXBuildFile section */
		4DEF2959200D1C0900DEB865 /* AppDelegate.swift in Sources */ = {isa = PBXBuildFile; fileRef = 4DEF2958200D1C0900DEB865 /* AppDelegate.swift */; };
		4DEF295B200D1C0900DEB865 /* ViewController.swift in Sources */ = {isa = PBXBuildFile; fileRef = 4DEF295A200D1C0900DEB865 /* ViewController.swift */; };
		4DEF295E200D1C0900DEB865 /* Main.storyboard in Resources */ = {isa = PBXBuildFile; fileRef = 4DEF295C200D1C0900DEB865 /* Main.storyboard */; };
		4DEF2960200D1C0900DEB865 /* Assets.xcassets in Resources */ = {isa = PBXBuildFile; fileRef = 4DEF295F200D1C0900DEB865 /* Assets.xcassets */; };
		4DEF2963200D1C0900DEB865 /* LaunchScreen.storyboard in Resources */ = {isa = PBXBuildFile; fileRef = 4DEF2961200D1C0900DEB865 /* LaunchScreen.storyboard */; };
		4DEF296E200D1C0900DEB865 /* Finger_AppTests.swift in Sources */ = {isa = PBXBuildFile; fileRef = 4DEF296D200D1C0900DEB865 /* Finger_AppTests.swift */; };
		4DEF2979200D1C0900DEB865 /* Finger_AppUITests.swift in Sources */ = {isa = PBXBuildFile; fileRef = 4DEF2978200D1C0900DEB865 /* Finger_AppUITests.swift */; };
/* End PBXBuildFile section */

/* Begin PBXContainerItemProxy section */
		4DEF296A200D1C0900DEB865 /* PBXContainerItemProxy */ = {
			isa = PBXContainerItemProxy;
			containerPortal = 4DEF294D200D1C0900DEB865 /* Project object */;
			proxyType = 1;
			remoteGlobalIDString = 4DEF2954200D1C0900DEB865;
			remoteInfo = "Finger App";
		};
		4DEF2975200D1C0900DEB865 /* PBXContainerItemProxy */ = {
			isa = PBXContainerItemProxy;
			containerPortal = 4DEF294D200D1C0900DEB865 /* Project object */;
			proxyType = 1;
			remoteGlobalIDString = 4DEF2954200D1C0900DEB865;
			remoteInfo = "Finger App";
		};
/* End PBXContainerItemProxy section */

/* Begin PBXFileReference section */
		4DEF2955200D1C0900DEB865 /* Finger App.app */ = {isa = PBXFileReference; explicitFileType = wrapper.application; includeInIndex = 0; path = "Finger App.app"; sourceTree = BUILT_PRODUCTS_DIR; };
		4DEF2958200D1C0900DEB865 /* AppDelegate.swift */ = {isa = PBXFileReference; lastKnownFileType = sourcecode.swift; path = AppDelegate.swift; sourceTree = "<group>"; };
		4DEF295A200D1C0900DEB865 /* ViewController.swift */ = {isa = PBXFileReference; lastKnownFileType = sourcecode.swift; path = ViewController.swift; sourceTree = "<group>"; };
		4DEF295D200D1C0900DEB865 /* Base */ = {isa = PBXFileReference; lastKnownFileType = file.storyboard; name = Base; path = Base.lproj/Main.storyboard; sourceTree = "<group>"; };
		4DEF295F200D1C0900DEB865 /* Assets.xcassets */ = {isa = PBXFileReference; lastKnownFileType = folder.assetcatalog; path = Assets.xcassets; sourceTree = "<group>"; };
		4DEF2962200D1C0900DEB865 /* Base */ = {isa = PBXFileReference; lastKnownFileType = file.storyboard; name = Base; path = Base.lproj/LaunchScreen.storyboard; sourceTree = "<group>"; };
		4DEF2964200D1C0900DEB865 /* Info.plist */ = {isa = PBXFileReference; lastKnownFileType = text.plist.xml; path = Info.plist; sourceTree = "<group>"; };
		4DEF2969200D1C0900DEB865 /* Finger AppTests.xctest */ = {isa = PBXFileReference; explicitFileType = wrapper.cfbundle; includeInIndex = 0; path = "Finger AppTests.xctest"; sourceTree = BUILT_PRODUCTS_DIR; };
		4DEF296D200D1C0900DEB865 /* Finger_AppTests.swift */ = {isa = PBXFileReference; lastKnownFileType = sourcecode.swift; path = Finger_AppTests.swift; sourceTree = "<group>"; };
		4DEF296F200D1C0900DEB865 /* Info.plist */ = {isa = PBXFileReference; lastKnownFileType = text.plist.xml; path = Info.plist; sourceTree = "<group>"; };
		4DEF2974200D1C0900DEB865 /* Finger AppUITests.xctest */ = {isa = PBXFileReference; explicitFileType = wrapper.cfbundle; includeInIndex = 0; path = "Finger AppUITests.xctest"; sourceTree = BUILT_PRODUCTS_DIR; };
		4DEF2978200D1C0900DEB865 /* Finger_AppUITests.swift */ = {isa = PBXFileReference; lastKnownFileType = sourcecode.swift; path = Finger_AppUITests.swift; sourceTree = "<group>"; };
		4DEF297A200D1C0A00DEB865 /* Info.plist */ = {isa = PBXFileReference; lastKnownFileType = text.plist.xml; path = Info.plist; sourceTree = "<group>"; };
/* End PBXFileReference section */

/* Begin PBXFrameworksBuildPhase section */
		4DEF2952200D1C0900DEB865 /* Frameworks */ = {
			isa = PBXFrameworksBuildPhase;
			buildActionMask = 2147483647;
			files = (
			);
			runOnlyForDeploymentPostprocessing = 0;
		};
		4DEF2966200D1C0900DEB865 /* Frameworks */ = {
			isa = PBXFrameworksBuildPhase;
			buildActionMask = 2147483647;
			files = (
			);
			runOnlyForDeploymentPostprocessing = 0;
		};
		4DEF2971200D1C0900DEB865 /* Frameworks */ = {
			isa = PBXFrameworksBuildPhase;
			buildActionMask = 2147483647;
			files = (
			);
			runOnlyForDeploymentPostprocessing = 0;
		};
/* End PBXFrameworksBuildPhase section */

/* Begin PBXGroup section */
		4DEF294C200D1C0900DEB865 = {
			isa = PBXGroup;
			children = (
				4DEF2957200D1C0900DEB865 /* Finger App */,
				4DEF296C200D1C0900DEB865 /* Finger AppTests */,
				4DEF2977200D1C0900DEB865 /* Finger AppUITests */,
				4DEF2956200D1C0900DEB865 /* Products */,
			);
			sourceTree = "<group>";
		};
		4DEF2956200D1C0900DEB865 /* Products */ = {
			isa = PBXGroup;
			children = (
				4DEF2955200D1C0900DEB865 /* Finger App.app */,
				4DEF2969200D1C0900DEB865 /* Finger AppTests.xctest */,
				4DEF2974200D1C0900DEB865 /* Finger AppUITests.xctest */,
			);
			name = Products;
			sourceTree = "<group>";
		};
		4DEF2957200D1C0900DEB865 /* Finger App */ = {
			isa = PBXGroup;
			children = (
				4DEF2958200D1C0900DEB865 /* AppDelegate.swift */,
				4DEF295A200D1C0900DEB865 /* ViewController.swift */,
				4DEF295C200D1C0900DEB865 /* Main.storyboard */,
				4DEF295F200D1C0900DEB865 /* Assets.xcassets */,
				4DEF2961200D1C0900DEB865 /* LaunchScreen.storyboard */,
				4DEF2964200D1C0900DEB865 /* Info.plist */,
			);
			path = "Finger App";
			sourceTree = "<group>";
		};
		4DEF296C200D1C0900DEB865 /* Finger AppTests */ = {
			isa = PBXGroup;
			children = (
				4DEF296D200D1C0900DEB865 /* Finger_AppTests.swift */,
				4DEF296F200D1C0900DEB865 /* Info.plist */,
			);
			path = "Finger AppTests";
			sourceTree = "<group>";
		};
		4DEF2977200D1C0900DEB865 /* Finger AppUITests */ = {
			isa = PBXGroup;
			children = (
				4DEF2978200D1C0900DEB865 /* Finger_AppUITests.swift */,
				4DEF297A200D1C0A00DEB865 /* Info.plist */,
			);
			path = "Finger AppUITests";
			sourceTree = "<group>";
		};
/* End PBXGroup section */

/* Begin PBXNativeTarget section */
		4DEF2954200D1C0900DEB865 /* Finger App */ = {
			isa = PBXNativeTarget;
			buildConfigurationList = 4DEF297D200D1C0A00DEB865 /* Build configuration list for PBXNativeTarget "Finger App" */;
			buildPhases = (
				4DEF2951200D1C0900DEB865 /* Sources */,
				4DEF2952200D1C0900DEB865 /* Frameworks */,
				4DEF2953200D1C0900DEB865 /* Resources */,
			);
			buildRules = (
			);
			dependencies = (
			);
			name = "Finger App";
			productName = "Finger App";
			productReference = 4DEF2955200D1C0900DEB865 /* Finger App.app */;
			productType = "com.apple.product-type.application";
		};
		4DEF2968200D1C0900DEB865 /* Finger AppTests */ = {
			isa = PBXNativeTarget;
			buildConfigurationList = 4DEF2980200D1C0A00DEB865 /* Build configuration list for PBXNativeTarget "Finger AppTests" */;
			buildPhases = (
				4DEF2965200D1C0900DEB865 /* Sources */,
				4DEF2966200D1C0900DEB865 /* Frameworks */,
				4DEF2967200D1C0900DEB865 /* Resources */,
			);
			buildRules = (
			);
			dependencies = (
				4DEF296B200D1C0900DEB865 /* PBXTargetDependency */,
			);
			name = "Finger AppTests";
			productName = "Finger AppTests";
			productReference = 4DEF2969200D1C0900DEB865 /* Finger AppTests.xctest */;
			productType = "com.apple.product-type.bundle.unit-test";
		};
		4DEF2973200D1C0900DEB865 /* Finger AppUITests */ = {
			isa = PBXNativeTarget;
			buildConfigurationList = 4DEF2983200D1C0A00DEB865 /* Build configuration list for PBXNativeTarget "Finger AppUITests" */;
			buildPhases = (
				4DEF2970200D1C0900DEB865 /* Sources */,
				4DEF2971200D1C0900DEB865 /* Frameworks */,
				4DEF2972200D1C0900DEB865 /* Resources */,
			);
			buildRules = (
			);
			dependencies = (
				4DEF2976200D1C0900DEB865 /* PBXTargetDependency */,
			);
			name = "Finger AppUITests";
			productName = "Finger AppUITests";
			productReference = 4DEF2974200D1C0900DEB865 /* Finger AppUITests.xctest */;
			productType = "com.apple.product-type.bundle.ui-testing";
		};
/* End PBXNativeTarget section */

/* Begin PBXProject section */
		4DEF294D200D1C0900DEB865 /* Project object */ = {
			isa = PBXProject;
			attributes = {
				LastSwiftUpdateCheck = 0920;
				LastUpgradeCheck = 0920;
				ORGANIZATIONNAME = Jogibaer;
				TargetAttributes = {
					4DEF2954200D1C0900DEB865 = {
						CreatedOnToolsVersion = 9.2;
						ProvisioningStyle = Automatic;
					};
					4DEF2968200D1C0900DEB865 = {
						CreatedOnToolsVersion = 9.2;
						ProvisioningStyle = Automatic;
						TestTargetID = 4DEF2954200D1C0900DEB865;
					};
					4DEF2973200D1C0900DEB865 = {
						CreatedOnToolsVersion = 9.2;
						ProvisioningStyle = Automatic;
						TestTargetID = 4DEF2954200D1C0900DEB865;
					};
				};
			};
			buildConfigurationList = 4DEF2950200D1C0900DEB865 /* Build configuration list for PBXProject "Finger App" */;
			compatibilityVersion = "Xcode 8.0";
			developmentRegion = en;
			hasScannedForEncodings = 0;
			knownRegions = (
				en,
				Base,
			);
			mainGroup = 4DEF294C200D1C0900DEB865;
			productRefGroup = 4DEF2956200D1C0900DEB865 /* Products */;
			projectDirPath = "";
			projectRoot = "";
			targets = (
				4DEF2954200D1C0900DEB865 /* Finger App */,
				4DEF2968200D1C0900DEB865 /* Finger AppTests */,
				4DEF2973200D1C0900DEB865 /* Finger AppUITests */,
			);
		};
/* End PBXProject section */

/* Begin PBXResourcesBuildPhase section */
		4DEF2953200D1C0900DEB865 /* Resources */ = {
			isa = PBXResourcesBuildPhase;
			buildActionMask = 2147483647;
			files = (
				4DEF2963200D1C0900DEB865 /* LaunchScreen.storyboard in Resources */,
				4DEF2960200D1C0900DEB865 /* Assets.xcassets in Resources */,
				4DEF295E200D1C0900DEB865 /* Main.storyboard in Resources */,
			);
			runOnlyForDeploymentPostprocessing = 0;
		};
		4DEF2967200D1C0900DEB865 /* Resources */ = {
			isa = PBXResourcesBuildPhase;
			buildActionMask = 2147483647;
			files = (
			);
			runOnlyForDeploymentPostprocessing = 0;
		};
		4DEF2972200D1C0900DEB865 /* Resources */ = {
			isa = PBXResourcesBuildPhase;
			buildActionMask = 2147483647;
			files = (
			);
			runOnlyForDeploymentPostprocessing = 0;
		};
/* End PBXResourcesBuildPhase section */

/* Begin PBXSourcesBuildPhase section */
		4DEF2951200D1C0900DEB865 /* Sources */ = {
			isa = PBXSourcesBuildPhase;
			buildActionMask = 2147483647;
			files = (
				4DEF295B200D1C0900DEB865 /* ViewController.swift in Sources */,
				4DEF2959200D1C0900DEB865 /* AppDelegate.swift in Sources */,
			);
			runOnlyForDeploymentPostprocessing = 0;
		};
		4DEF2965200D1C0900DEB865 /* Sources */ = {
			isa = PBXSourcesBuildPhase;
			buildActionMask = 2147483647;
			files = (
				4DEF296E200D1C0900DEB865 /* Finger_AppTests.swift in Sources */,
			);
			runOnlyForDeploymentPostprocessing = 0;
		};
		4DEF2970200D1C0900DEB865 /* Sources */ = {
			isa = PBXSourcesBuildPhase;
			buildActionMask = 2147483647;
			files = (
				4DEF2979200D1C0900DEB865 /* Finger_AppUITests.swift in Sources */,
			);
			runOnlyForDeploymentPostprocessing = 0;
		};
/* End PBXSourcesBuildPhase section */

/* Begin PBXTargetDependency section */
		4DEF296B200D1C0900DEB865 /* PBXTargetDependency */ = {
			isa = PBXTargetDependency;
			target = 4DEF2954200D1C0900DEB865 /* Finger App */;
			targetProxy = 4DEF296A200D1C0900DEB865 /* PBXContainerItemProxy */;
		};
		4DEF2976200D1C0900DEB865 /* PBXTargetDependency */ = {
			isa = PBXTargetDependency;
			target = 4DEF2954200D1C0900DEB865 /* Finger App */;
			targetProxy = 4DEF2975200D1C0900DEB865 /* PBXContainerItemProxy */;
		};
/* End PBXTargetDependency section */

/* Begin PBXVariantGroup section */
		4DEF295C200D1C0900DEB865 /* Main.storyboard */ = {
			isa = PBXVariantGroup;
			children = (
				4DEF295D200D1C0900DEB865 /* Base */,
			);
			name = Main.storyboard;
			sourceTree = "<group>";
		};
		4DEF2961200D1C0900DEB865 /* LaunchScreen.storyboard */ = {
			isa = PBXVariantGroup;
			children = (
				4DEF2962200D1C0900DEB865 /* Base */,
			);
			name = LaunchScreen.storyboard;
			sourceTree = "<group>";
		};
/* End PBXVariantGroup section */

/* Begin XCBuildConfiguration section */
		4DEF297B200D1C0A00DEB865 /* Debug */ = {
			isa = XCBuildConfiguration;
			buildSettings = {
				ALWAYS_SEARCH_USER_PATHS = NO;
				CLANG_ANALYZER_NONNULL = YES;
				CLANG_ANALYZER_NUMBER_OBJECT_CONVERSION = YES_AGGRESSIVE;
				CLANG_CXX_LANGUAGE_STANDARD = "gnu++14";
				CLANG_CXX_LIBRARY = "libc++";
				CLANG_ENABLE_MODULES = YES;
				CLANG_ENABLE_OBJC_ARC = YES;
				CLANG_WARN_BLOCK_CAPTURE_AUTORELEASING = YES;
				CLANG_WARN_BOOL_CONVERSION = YES;
				CLANG_WARN_COMMA = YES;
				CLANG_WARN_CONSTANT_CONVERSION = YES;
				CLANG_WARN_DIRECT_OBJC_ISA_USAGE = YES_ERROR;
				CLANG_WARN_DOCUMENTATION_COMMENTS = YES;
				CLANG_WARN_EMPTY_BODY = YES;
				CLANG_WARN_ENUM_CONVERSION = YES;
				CLANG_WARN_INFINITE_RECURSION = YES;
				CLANG_WARN_INT_CONVERSION = YES;
				CLANG_WARN_NON_LITERAL_NULL_CONVERSION = YES;
				CLANG_WARN_OBJC_LITERAL_CONVERSION = YES;
				CLANG_WARN_OBJC_ROOT_CLASS = YES_ERROR;
				CLANG_WARN_RANGE_LOOP_ANALYSIS = YES;
				CLANG_WARN_STRICT_PROTOTYPES = YES;
				CLANG_WARN_SUSPICIOUS_MOVE = YES;
				CLANG_WARN_UNGUARDED_AVAILABILITY = YES_AGGRESSIVE;
				CLANG_WARN_UNREACHABLE_CODE = YES;
				CLANG_WARN__DUPLICATE_METHOD_MATCH = YES;
				CODE_SIGN_IDENTITY = "iPhone Developer";
				COPY_PHASE_STRIP = NO;
				DEBUG_INFORMATION_FORMAT = dwarf;
				ENABLE_STRICT_OBJC_MSGSEND = YES;
				ENABLE_TESTABILITY = YES;
				GCC_C_LANGUAGE_STANDARD = gnu11;
				GCC_DYNAMIC_NO_PIC = NO;
				GCC_NO_COMMON_BLOCKS = YES;
				GCC_OPTIMIZATION_LEVEL = 0;
				GCC_PREPROCESSOR_DEFINITIONS = (
					"DEBUG=1",
					"$(inherited)",
				);
				GCC_WARN_64_TO_32_BIT_CONVERSION = YES;
				GCC_WARN_ABOUT_RETURN_TYPE = YES_ERROR;
				GCC_WARN_UNDECLARED_SELECTOR = YES;
				GCC_WARN_UNINITIALIZED_AUTOS = YES_AGGRESSIVE;
				GCC_WARN_UNUSED_FUNCTION = YES;
				GCC_WARN_UNUSED_VARIABLE = YES;
				IPHONEOS_DEPLOYMENT_TARGET = 11.2;
				MTL_ENABLE_DEBUG_INFO = YES;
				ONLY_ACTIVE_ARCH = YES;
				SDKROOT = iphoneos;
				SWIFT_ACTIVE_COMPILATION_CONDITIONS = DEBUG;
				SWIFT_OPTIMIZATION_LEVEL = "-Onone";
			};
			name = Debug;
		};
		4DEF297C200D1C0A00DEB865 /* Release */ = {
			isa = XCBuildConfiguration;
			buildSettings = {
				ALWAYS_SEARCH_USER_PATHS = NO;
				CLANG_ANALYZER_NONNULL = YES;
				CLANG_ANALYZER_NUMBER_OBJECT_CONVERSION = YES_AGGRESSIVE;
				CLANG_CXX_LANGUAGE_STANDARD = "gnu++14";
				CLANG_CXX_LIBRARY = "libc++";
				CLANG_ENABLE_MODULES = YES;
				CLANG_ENABLE_OBJC_ARC = YES;
				CLANG_WARN_BLOCK_CAPTURE_AUTORELEASING = YES;
				CLANG_WARN_BOOL_CONVERSION = YES;
				CLANG_WARN_COMMA = YES;
				CLANG_WARN_CONSTANT_CONVERSION = YES;
				CLANG_WARN_DIRECT_OBJC_ISA_USAGE = YES_ERROR;
				CLANG_WARN_DOCUMENTATION_COMMENTS = YES;
				CLANG_WARN_EMPTY_BODY = YES;
				CLANG_WARN_ENUM_CONVERSION = YES;
				CLANG_WARN_INFINITE_RECURSION = YES;
				CLANG_WARN_INT_CONVERSION = YES;
				CLANG_WARN_NON_LITERAL_NULL_CONVERSION = YES;
				CLANG_WARN_OBJC_LITERAL_CONVERSION = YES;
				CLANG_WARN_OBJC_ROOT_CLASS = YES_ERROR;
				CLANG_WARN_RANGE_LOOP_ANALYSIS = YES;
				CLANG_WARN_STRICT_PROTOTYPES = YES;
				CLANG_WARN_SUSPICIOUS_MOVE = YES;
				CLANG_WARN_UNGUARDED_AVAILABILITY = YES_AGGRESSIVE;
				CLANG_WARN_UNREACHABLE_CODE = YES;
				CLANG_WARN__DUPLICATE_METHOD_MATCH = YES;
				CODE_SIGN_IDENTITY = "iPhone Developer";
				COPY_PHASE_STRIP = NO;
				DEBUG_INFORMATION_FORMAT = "dwarf-with-dsym";
				ENABLE_NS_ASSERTIONS = NO;
				ENABLE_STRICT_OBJC_MSGSEND = YES;
				GCC_C_LANGUAGE_STANDARD = gnu11;
				GCC_NO_COMMON_BLOCKS = YES;
				GCC_WARN_64_TO_32_BIT_CONVERSION = YES;
				GCC_WARN_ABOUT_RETURN_TYPE = YES_ERROR;
				GCC_WARN_UNDECLARED_SELECTOR = YES;
				GCC_WARN_UNINITIALIZED_AUTOS = YES_AGGRESSIVE;
				GCC_WARN_UNUSED_FUNCTION = YES;
				GCC_WARN_UNUSED_VARIABLE = YES;
				IPHONEOS_DEPLOYMENT_TARGET = 11.2;
				MTL_ENABLE_DEBUG_INFO = NO;
				SDKROOT = iphoneos;
				SWIFT_OPTIMIZATION_LEVEL = "-Owholemodule";
				VALIDATE_PRODUCT = YES;
			};
			name = Release;
		};
		4DEF297E200D1C0A00DEB865 /* Debug */ = {
			isa = XCBuildConfiguration;
			buildSettings = {
				ASSETCATALOG_COMPILER_APPICON_NAME = AppIcon;
				CODE_SIGN_STYLE = Automatic;
				INFOPLIST_FILE = "Finger App/Info.plist";
				LD_RUNPATH_SEARCH_PATHS = "$(inherited) @executable_path/Frameworks";
				PRODUCT_BUNDLE_IDENTIFIER = "Hoehlenbau.Finger-App";
				PRODUCT_NAME = "$(TARGET_NAME)";
				SWIFT_VERSION = 4.0;
				TARGETED_DEVICE_FAMILY = "1,2";
			};
			name = Debug;
		};
		4DEF297F200D1C0A00DEB865 /* Release */ = {
			isa = XCBuildConfiguration;
			buildSettings = {
				ASSETCATALOG_COMPILER_APPICON_NAME = AppIcon;
				CODE_SIGN_STYLE = Automatic;
				INFOPLIST_FILE = "Finger App/Info.plist";
				LD_RUNPATH_SEARCH_PATHS = "$(inherited) @executable_path/Frameworks";
				PRODUCT_BUNDLE_IDENTIFIER = "Hoehlenbau.Finger-App";
				PRODUCT_NAME = "$(TARGET_NAME)";
				SWIFT_VERSION = 4.0;
				TARGETED_DEVICE_FAMILY = "1,2";
			};
			name = Release;
		};
		4DEF2981200D1C0A00DEB865 /* Debug */ = {
			isa = XCBuildConfiguration;
			buildSettings = {
				ALWAYS_EMBED_SWIFT_STANDARD_LIBRARIES = YES;
				BUNDLE_LOADER = "$(TEST_HOST)";
				CODE_SIGN_STYLE = Automatic;
				INFOPLIST_FILE = "Finger AppTests/Info.plist";
				LD_RUNPATH_SEARCH_PATHS = "$(inherited) @executable_path/Frameworks @loader_path/Frameworks";
				PRODUCT_BUNDLE_IDENTIFIER = "Hoehlenbau.Finger-AppTests";
				PRODUCT_NAME = "$(TARGET_NAME)";
				SWIFT_VERSION = 4.0;
				TARGETED_DEVICE_FAMILY = "1,2";
				TEST_HOST = "$(BUILT_PRODUCTS_DIR)/Finger App.app/Finger App";
			};
			name = Debug;
		};
		4DEF2982200D1C0A00DEB865 /* Release */ = {
			isa = XCBuildConfiguration;
			buildSettings = {
				ALWAYS_EMBED_SWIFT_STANDARD_LIBRARIES = YES;
				BUNDLE_LOADER = "$(TEST_HOST)";
				CODE_SIGN_STYLE = Automatic;
				INFOPLIST_FILE = "Finger AppTests/Info.plist";
				LD_RUNPATH_SEARCH_PATHS = "$(inherited) @executable_path/Frameworks @loader_path/Frameworks";
				PRODUCT_BUNDLE_IDENTIFIER = "Hoehlenbau.Finger-AppTests";
				PRODUCT_NAME = "$(TARGET_NAME)";
				SWIFT_VERSION = 4.0;
				TARGETED_DEVICE_FAMILY = "1,2";
				TEST_HOST = "$(BUILT_PRODUCTS_DIR)/Finger App.app/Finger App";
			};
			name = Release;
		};
		4DEF2984200D1C0A00DEB865 /* Debug */ = {
			isa = XCBuildConfiguration;
			buildSettings = {
				ALWAYS_EMBED_SWIFT_STANDARD_LIBRARIES = YES;
				CODE_SIGN_STYLE = Automatic;
				INFOPLIST_FILE = "Finger AppUITests/Info.plist";
				LD_RUNPATH_SEARCH_PATHS = "$(inherited) @executable_path/Frameworks @loader_path/Frameworks";
				PRODUCT_BUNDLE_IDENTIFIER = "Hoehlenbau.Finger-AppUITests";
				PRODUCT_NAME = "$(TARGET_NAME)";
				SWIFT_VERSION = 4.0;
				TARGETED_DEVICE_FAMILY = "1,2";
				TEST_TARGET_NAME = "Finger App";
			};
			name = Debug;
		};
		4DEF2985200D1C0A00DEB865 /* Release */ = {
			isa = XCBuildConfiguration;
			buildSettings = {
				ALWAYS_EMBED_SWIFT_STANDARD_LIBRARIES = YES;
				CODE_SIGN_STYLE = Automatic;
				INFOPLIST_FILE = "Finger AppUITests/Info.plist";
				LD_RUNPATH_SEARCH_PATHS = "$(inherited) @executable_path/Frameworks @loader_path/Frameworks";
				PRODUCT_BUNDLE_IDENTIFIER = "Hoehlenbau.Finger-AppUITests";
				PRODUCT_NAME = "$(TARGET_NAME)";
				SWIFT_VERSION = 4.0;
				TARGETED_DEVICE_FAMILY = "1,2";
				TEST_TARGET_NAME = "Finger App";
			};
			name = Release;
		};
/* End XCBuildConfiguration section */

/* Begin XCConfigurationList section */
		4DEF2950200D1C0900DEB865 /* Build configuration list for PBXProject "Finger App" */ = {
			isa = XCConfigurationList;
			buildConfigurations = (
				4DEF297B200D1C0A00DEB865 /* Debug */,
				4DEF297C200D1C0A00DEB865 /* Release */,
			);
			defaultConfigurationIsVisible = 0;
			defaultConfigurationName = Release;
		};
		4DEF297D200D1C0A00DEB865 /* Build configuration list for PBXNativeTarget "Finger App" */ = {
			isa = XCConfigurationList;
			buildConfigurations = (
				4DEF297E200D1C0A00DEB865 /* Debug */,
				4DEF297F200D1C0A00DEB865 /* Release */,
			);
			defaultConfigurationIsVisible = 0;
			defaultConfigurationName = Release;
		};
		4DEF2980200D1C0A00DEB865 /* Build configuration list for PBXNativeTarget "Finger AppTests" */ = {
			isa = XCConfigurationList;
			buildConfigurations = (
				4DEF2981200D1C0A00DEB865 /* Debug */,
				4DEF2982200D1C0A00DEB865 /* Release */,
			);
			defaultConfigurationIsVisible = 0;
			defaultConfigurationName = Release;
		};
		4DEF2983200D1C0A00DEB865 /* Build configuration list for PBXNativeTarget "Finger AppUITests" */ = {
			isa = XCConfigurationList;
			buildConfigurations = (
				4DEF2984200D1C0A00DEB865 /* Debug */,
				4DEF2985200D1C0A00DEB865 /* Release */,
			);
			defaultConfigurationIsVisible = 0;
			defaultConfigurationName = Release;
		};
/* End XCConfigurationList section */
	};
	rootObject = 4DEF294D200D1C0900DEB865 /* Project object */;
}
